
Microsoft Visual Studio Solution File, Format Version 12.00
# Visual Studio Version 16
VisualStudioVersion = 16.0.31911.196
MinimumVisualStudioVersion = 10.0.40219.1
Project("{9A19103F-16F7-4668-BE54-9A1E7A4F7556}") = "CloudMainASP", "CloudMainASP\CloudMainASP.csproj", "{18F04C2E-D88D-418D-BB49-EE7944925438}"
EndProject
Project("{FAE04EC0-301F-11D3-BF4B-00C04F79EFBC}") = "CloudMainASP.Testy", "CloudMainASP.Testy\CloudMainASP.Testy.csproj", "{72D34865-F844-4F13-A80A-F976BFF1128C}"
EndProject
Global
	GlobalSection(SolutionConfigurationPlatforms) = preSolution
		Debug|Any CPU = Debug|Any CPU
		Release|Any CPU = Release|Any CPU
	EndGlobalSection
	GlobalSection(ProjectConfigurationPlatforms) = postSolution
		{18F04C2E-D88D-418D-BB49-EE7944925438}.Debug|Any CPU.ActiveCfg = Debug|Any CPU
		{18F04C2E-D88D-418D-BB49-EE7944925438}.Debug|Any CPU.Build.0 = Debug|Any CPU
		{18F04C2E-D88D-418D-BB49-EE7944925438}.Release|Any CPU.ActiveCfg = Release|Any CPU
		{18F04C2E-D88D-418D-BB49-EE7944925438}.Release|Any CPU.Build.0 = Release|Any CPU
		{72D34865-F844-4F13-A80A-F976BFF1128C}.Debug|Any CPU.ActiveCfg = Debug|Any CPU
		{72D34865-F844-4F13-A80A-F976BFF1128C}.Debug|Any CPU.Build.0 = Debug|Any CPU
		{72D34865-F844-4F13-A80A-F976BFF1128C}.Release|Any CPU.ActiveCfg = Release|Any CPU
		{72D34865-F844-4F13-A80A-F976BFF1128C}.Release|Any CPU.Build.0 = Release|Any CPU
	EndGlobalSection
	GlobalSection(SolutionProperties) = preSolution
		HideSolutionNode = FALSE
	EndGlobalSection
	GlobalSection(ExtensibilityGlobals) = postSolution
		SolutionGuid = {9A9B338A-B461-491A-9E57-35DBDC7CC33D}
	EndGlobalSection
EndGlobal
